// !$*UTF8*$!
{
	archiveVersion = 1;
	classes = {
	};
	objectVersion = 50;
	objects = {

/* Begin PBXBuildFile section */
		32523B3B2154E27B00FD8D06 /* AppDelegate.swift in Sources */ = {isa = PBXBuildFile; fileRef = 32523B3A2154E27B00FD8D06 /* AppDelegate.swift */; };
		32523B3D2154E27B00FD8D06 /* ViewController.swift in Sources */ = {isa = PBXBuildFile; fileRef = 32523B3C2154E27B00FD8D06 /* ViewController.swift */; };
		32523B402154E27B00FD8D06 /* Main.storyboard in Resources */ = {isa = PBXBuildFile; fileRef = 32523B3E2154E27B00FD8D06 /* Main.storyboard */; };
		32523B422154E27D00FD8D06 /* Assets.xcassets in Resources */ = {isa = PBXBuildFile; fileRef = 32523B412154E27D00FD8D06 /* Assets.xcassets */; };
		32523B452154E27D00FD8D06 /* LaunchScreen.storyboard in Resources */ = {isa = PBXBuildFile; fileRef = 32523B432154E27D00FD8D06 /* LaunchScreen.storyboard */; };
		32523B502154E27D00FD8D06 /* iosAppTests.swift in Sources */ = {isa = PBXBuildFile; fileRef = 32523B4F2154E27D00FD8D06 /* iosAppTests.swift */; };
		32523B5B2154E27D00FD8D06 /* iosAppUITests.swift in Sources */ = {isa = PBXBuildFile; fileRef = 32523B5A2154E27D00FD8D06 /* iosAppUITests.swift */; };
/* End PBXBuildFile section */

/* Begin PBXContainerItemProxy section */
		32523B4C2154E27D00FD8D06 /* PBXContainerItemProxy */ = {
			isa = PBXContainerItemProxy;
			containerPortal = 32523B2F2154E27A00FD8D06 /* Project object */;
			proxyType = 1;
			remoteGlobalIDString = 32523B362154E27A00FD8D06;
			remoteInfo = iosApp;
		};
		32523B572154E27D00FD8D06 /* PBXContainerItemProxy */ = {
			isa = PBXContainerItemProxy;
			containerPortal = 32523B2F2154E27A00FD8D06 /* Project object */;
			proxyType = 1;
			remoteGlobalIDString = 32523B362154E27A00FD8D06;
			remoteInfo = iosApp;
		};
/* End PBXContainerItemProxy section */

/* Begin PBXFileReference section */
		32523B372154E27B00FD8D06 /* iosApp.app */ = {isa = PBXFileReference; explicitFileType = wrapper.application; includeInIndex = 0; path = iosApp.app; sourceTree = BUILT_PRODUCTS_DIR; };
		32523B3A2154E27B00FD8D06 /* AppDelegate.swift */ = {isa = PBXFileReference; lastKnownFileType = sourcecode.swift; path = AppDelegate.swift; sourceTree = "<group>"; };
		32523B3C2154E27B00FD8D06 /* ViewController.swift */ = {isa = PBXFileReference; lastKnownFileType = sourcecode.swift; path = ViewController.swift; sourceTree = "<group>"; };
		32523B3F2154E27B00FD8D06 /* Base */ = {isa = PBXFileReference; lastKnownFileType = file.storyboard; name = Base; path = Base.lproj/Main.storyboard; sourceTree = "<group>"; };
		32523B412154E27D00FD8D06 /* Assets.xcassets */ = {isa = PBXFileReference; lastKnownFileType = folder.assetcatalog; path = Assets.xcassets; sourceTree = "<group>"; };
		32523B442154E27D00FD8D06 /* Base */ = {isa = PBXFileReference; lastKnownFileType = file.storyboard; name = Base; path = Base.lproj/LaunchScreen.storyboard; sourceTree = "<group>"; };
		32523B462154E27D00FD8D06 /* Info.plist */ = {isa = PBXFileReference; lastKnownFileType = text.plist.xml; path = Info.plist; sourceTree = "<group>"; };
		32523B4B2154E27D00FD8D06 /* iosAppTests.xctest */ = {isa = PBXFileReference; explicitFileType = wrapper.cfbundle; includeInIndex = 0; path = iosAppTests.xctest; sourceTree = BUILT_PRODUCTS_DIR; };
		32523B4F2154E27D00FD8D06 /* iosAppTests.swift */ = {isa = PBXFileReference; lastKnownFileType = sourcecode.swift; path = iosAppTests.swift; sourceTree = "<group>"; };
		32523B512154E27D00FD8D06 /* Info.plist */ = {isa = PBXFileReference; lastKnownFileType = text.plist.xml; path = Info.plist; sourceTree = "<group>"; };
		32523B562154E27D00FD8D06 /* iosAppUITests.xctest */ = {isa = PBXFileReference; explicitFileType = wrapper.cfbundle; includeInIndex = 0; path = iosAppUITests.xctest; sourceTree = BUILT_PRODUCTS_DIR; };
		32523B5A2154E27D00FD8D06 /* iosAppUITests.swift */ = {isa = PBXFileReference; lastKnownFileType = sourcecode.swift; path = iosAppUITests.swift; sourceTree = "<group>"; };
		32523B5C2154E27D00FD8D06 /* Info.plist */ = {isa = PBXFileReference; lastKnownFileType = text.plist.xml; path = Info.plist; sourceTree = "<group>"; };
/* End PBXFileReference section */

/* Begin PBXFrameworksBuildPhase section */
		32523B342154E27A00FD8D06 /* Frameworks */ = {
			isa = PBXFrameworksBuildPhase;
			buildActionMask = 2147483647;
			files = (
			);
			runOnlyForDeploymentPostprocessing = 0;
		};
		32523B482154E27D00FD8D06 /* Frameworks */ = {
			isa = PBXFrameworksBuildPhase;
			buildActionMask = 2147483647;
			files = (
			);
			runOnlyForDeploymentPostprocessing = 0;
		};
		32523B532154E27D00FD8D06 /* Frameworks */ = {
			isa = PBXFrameworksBuildPhase;
			buildActionMask = 2147483647;
			files = (
			);
			runOnlyForDeploymentPostprocessing = 0;
		};
/* End PBXFrameworksBuildPhase section */

/* Begin PBXGroup section */
		32523B2E2154E27A00FD8D06 = {
			isa = PBXGroup;
			children = (
				32523B392154E27B00FD8D06 /* iosApp */,
				32523B4E2154E27D00FD8D06 /* iosAppTests */,
				32523B592154E27D00FD8D06 /* iosAppUITests */,
				32523B382154E27B00FD8D06 /* Products */,
			);
			sourceTree = "<group>";
		};
		32523B382154E27B00FD8D06 /* Products */ = {
			isa = PBXGroup;
			children = (
				32523B372154E27B00FD8D06 /* iosApp.app */,
				32523B4B2154E27D00FD8D06 /* iosAppTests.xctest */,
				32523B562154E27D00FD8D06 /* iosAppUITests.xctest */,
			);
			name = Products;
			sourceTree = "<group>";
		};
		32523B392154E27B00FD8D06 /* iosApp */ = {
			isa = PBXGroup;
			children = (
				32523B3A2154E27B00FD8D06 /* AppDelegate.swift */,
				32523B3C2154E27B00FD8D06 /* ViewController.swift */,
				32523B3E2154E27B00FD8D06 /* Main.storyboard */,
				32523B412154E27D00FD8D06 /* Assets.xcassets */,
				32523B432154E27D00FD8D06 /* LaunchScreen.storyboard */,
				32523B462154E27D00FD8D06 /* Info.plist */,
			);
			path = iosApp;
			sourceTree = "<group>";
		};
		32523B4E2154E27D00FD8D06 /* iosAppTests */ = {
			isa = PBXGroup;
			children = (
				32523B4F2154E27D00FD8D06 /* iosAppTests.swift */,
				32523B512154E27D00FD8D06 /* Info.plist */,
			);
			path = iosAppTests;
			sourceTree = "<group>";
		};
		32523B592154E27D00FD8D06 /* iosAppUITests */ = {
			isa = PBXGroup;
			children = (
				32523B5A2154E27D00FD8D06 /* iosAppUITests.swift */,
				32523B5C2154E27D00FD8D06 /* Info.plist */,
			);
			path = iosAppUITests;
			sourceTree = "<group>";
		};
/* End PBXGroup section */

/* Begin PBXNativeTarget section */
		32523B362154E27A00FD8D06 /* iosApp */ = {
			isa = PBXNativeTarget;
			buildConfigurationList = 32523B5F2154E27D00FD8D06 /* Build configuration list for PBXNativeTarget "iosApp" */;
			buildPhases = (
				32523B332154E27A00FD8D06 /* Sources */,
				32523B342154E27A00FD8D06 /* Frameworks */,
				32523B352154E27A00FD8D06 /* Resources */,
			);
			buildRules = (
			);
			dependencies = (
			);
			name = iosApp;
			productName = iosApp;
			productReference = 32523B372154E27B00FD8D06 /* iosApp.app */;
			productType = "com.apple.product-type.application";
		};
		32523B4A2154E27D00FD8D06 /* iosAppTests */ = {
			isa = PBXNativeTarget;
			buildConfigurationList = 32523B622154E27D00FD8D06 /* Build configuration list for PBXNativeTarget "iosAppTests" */;
			buildPhases = (
				32523B472154E27D00FD8D06 /* Sources */,
				32523B482154E27D00FD8D06 /* Frameworks */,
				32523B492154E27D00FD8D06 /* Resources */,
			);
			buildRules = (
			);
			dependencies = (
				32523B4D2154E27D00FD8D06 /* PBXTargetDependency */,
			);
			name = iosAppTests;
			productName = iosAppTests;
			productReference = 32523B4B2154E27D00FD8D06 /* iosAppTests.xctest */;
			productType = "com.apple.product-type.bundle.unit-test";
		};
		32523B552154E27D00FD8D06 /* iosAppUITests */ = {
			isa = PBXNativeTarget;
			buildConfigurationList = 32523B652154E27D00FD8D06 /* Build configuration list for PBXNativeTarget "iosAppUITests" */;
			buildPhases = (
				32523B522154E27D00FD8D06 /* Sources */,
				32523B532154E27D00FD8D06 /* Frameworks */,
				32523B542154E27D00FD8D06 /* Resources */,
			);
			buildRules = (
			);
			dependencies = (
				32523B582154E27D00FD8D06 /* PBXTargetDependency */,
			);
			name = iosAppUITests;
			productName = iosAppUITests;
			productReference = 32523B562154E27D00FD8D06 /* iosAppUITests.xctest */;
			productType = "com.apple.product-type.bundle.ui-testing";
		};
/* End PBXNativeTarget section */

/* Begin PBXProject section */
		32523B2F2154E27A00FD8D06 /* Project object */ = {
			isa = PBXProject;
			attributes = {
				LastSwiftUpdateCheck = 0940;
				LastUpgradeCheck = 0940;
				ORGANIZATIONNAME = "Efren Alvarez Lamolda";
				TargetAttributes = {
					32523B362154E27A00FD8D06 = {
						CreatedOnToolsVersion = 9.4.1;
					};
					32523B4A2154E27D00FD8D06 = {
						CreatedOnToolsVersion = 9.4.1;
						TestTargetID = 32523B362154E27A00FD8D06;
					};
					32523B552154E27D00FD8D06 = {
						CreatedOnToolsVersion = 9.4.1;
						TestTargetID = 32523B362154E27A00FD8D06;
					};
				};
			};
			buildConfigurationList = 32523B322154E27A00FD8D06 /* Build configuration list for PBXProject "iosApp" */;
			compatibilityVersion = "Xcode 9.3";
			developmentRegion = en;
			hasScannedForEncodings = 0;
			knownRegions = (
				en,
				Base,
			);
			mainGroup = 32523B2E2154E27A00FD8D06;
			productRefGroup = 32523B382154E27B00FD8D06 /* Products */;
			projectDirPath = "";
			projectRoot = "";
			targets = (
				32523B362154E27A00FD8D06 /* iosApp */,
				32523B4A2154E27D00FD8D06 /* iosAppTests */,
				32523B552154E27D00FD8D06 /* iosAppUITests */,
			);
		};
/* End PBXProject section */

/* Begin PBXResourcesBuildPhase section */
		32523B352154E27A00FD8D06 /* Resources */ = {
			isa = PBXResourcesBuildPhase;
			buildActionMask = 2147483647;
			files = (
				32523B452154E27D00FD8D06 /* LaunchScreen.storyboard in Resources */,
				32523B422154E27D00FD8D06 /* Assets.xcassets in Resources */,
				32523B402154E27B00FD8D06 /* Main.storyboard in Resources */,
			);
			runOnlyForDeploymentPostprocessing = 0;
		};
		32523B492154E27D00FD8D06 /* Resources */ = {
			isa = PBXResourcesBuildPhase;
			buildActionMask = 2147483647;
			files = (
			);
			runOnlyForDeploymentPostprocessing = 0;
		};
		32523B542154E27D00FD8D06 /* Resources */ = {
			isa = PBXResourcesBuildPhase;
			buildActionMask = 2147483647;
			files = (
			);
			runOnlyForDeploymentPostprocessing = 0;
		};
/* End PBXResourcesBuildPhase section */

/* Begin PBXSourcesBuildPhase section */
		32523B332154E27A00FD8D06 /* Sources */ = {
			isa = PBXSourcesBuildPhase;
			buildActionMask = 2147483647;
			files = (
				32523B3D2154E27B00FD8D06 /* ViewController.swift in Sources */,
				32523B3B2154E27B00FD8D06 /* AppDelegate.swift in Sources */,
			);
			runOnlyForDeploymentPostprocessing = 0;
		};
		32523B472154E27D00FD8D06 /* Sources */ = {
			isa = PBXSourcesBuildPhase;
			buildActionMask = 2147483647;
			files = (
				32523B502154E27D00FD8D06 /* iosAppTests.swift in Sources */,
			);
			runOnlyForDeploymentPostprocessing = 0;
		};
		32523B522154E27D00FD8D06 /* Sources */ = {
			isa = PBXSourcesBuildPhase;
			buildActionMask = 2147483647;
			files = (
				32523B5B2154E27D00FD8D06 /* iosAppUITests.swift in Sources */,
			);
			runOnlyForDeploymentPostprocessing = 0;
		};
/* End PBXSourcesBuildPhase section */

/* Begin PBXTargetDependency section */
		32523B4D2154E27D00FD8D06 /* PBXTargetDependency */ = {
			isa = PBXTargetDependency;
			target = 32523B362154E27A00FD8D06 /* iosApp */;
			targetProxy = 32523B4C2154E27D00FD8D06 /* PBXContainerItemProxy */;
		};
		32523B582154E27D00FD8D06 /* PBXTargetDependency */ = {
			isa = PBXTargetDependency;
			target = 32523B362154E27A00FD8D06 /* iosApp */;
			targetProxy = 32523B572154E27D00FD8D06 /* PBXContainerItemProxy */;
		};
/* End PBXTargetDependency section */

/* Begin PBXVariantGroup section */
		32523B3E2154E27B00FD8D06 /* Main.storyboard */ = {
			isa = PBXVariantGroup;
			children = (
				32523B3F2154E27B00FD8D06 /* Base */,
			);
			name = Main.storyboard;
			sourceTree = "<group>";
		};
		32523B432154E27D00FD8D06 /* LaunchScreen.storyboard */ = {
			isa = PBXVariantGroup;
			children = (
				32523B442154E27D00FD8D06 /* Base */,
			);
			name = LaunchScreen.storyboard;
			sourceTree = "<group>";
		};
/* End PBXVariantGroup section */

/* Begin XCBuildConfiguration section */
		32523B5D2154E27D00FD8D06 /* Debug */ = {
			isa = XCBuildConfiguration;
			buildSettings = {
				ALWAYS_SEARCH_USER_PATHS = NO;
				CLANG_ANALYZER_NONNULL = YES;
				CLANG_ANALYZER_NUMBER_OBJECT_CONVERSION = YES_AGGRESSIVE;
				CLANG_CXX_LANGUAGE_STANDARD = "gnu++14";
				CLANG_CXX_LIBRARY = "libc++";
				CLANG_ENABLE_MODULES = YES;
				CLANG_ENABLE_OBJC_ARC = YES;
				CLANG_ENABLE_OBJC_WEAK = YES;
				CLANG_WARN_BLOCK_CAPTURE_AUTORELEASING = YES;
				CLANG_WARN_BOOL_CONVERSION = YES;
				CLANG_WARN_COMMA = YES;
				CLANG_WARN_CONSTANT_CONVERSION = YES;
				CLANG_WARN_DEPRECATED_OBJC_IMPLEMENTATIONS = YES;
				CLANG_WARN_DIRECT_OBJC_ISA_USAGE = YES_ERROR;
				CLANG_WARN_DOCUMENTATION_COMMENTS = YES;
				CLANG_WARN_EMPTY_BODY = YES;
				CLANG_WARN_ENUM_CONVERSION = YES;
				CLANG_WARN_INFINITE_RECURSION = YES;
				CLANG_WARN_INT_CONVERSION = YES;
				CLANG_WARN_NON_LITERAL_NULL_CONVERSION = YES;
				CLANG_WARN_OBJC_IMPLICIT_RETAIN_SELF = YES;
				CLANG_WARN_OBJC_LITERAL_CONVERSION = YES;
				CLANG_WARN_OBJC_ROOT_CLASS = YES_ERROR;
				CLANG_WARN_RANGE_LOOP_ANALYSIS = YES;
				CLANG_WARN_STRICT_PROTOTYPES = YES;
				CLANG_WARN_SUSPICIOUS_MOVE = YES;
				CLANG_WARN_UNGUARDED_AVAILABILITY = YES_AGGRESSIVE;
				CLANG_WARN_UNREACHABLE_CODE = YES;
				CLANG_WARN__DUPLICATE_METHOD_MATCH = YES;
				CODE_SIGN_IDENTITY = "iPhone Developer";
				COPY_PHASE_STRIP = NO;
				DEBUG_INFORMATION_FORMAT = dwarf;
				ENABLE_STRICT_OBJC_MSGSEND = YES;
				ENABLE_TESTABILITY = YES;
				GCC_C_LANGUAGE_STANDARD = gnu11;
				GCC_DYNAMIC_NO_PIC = NO;
				GCC_NO_COMMON_BLOCKS = YES;
				GCC_OPTIMIZATION_LEVEL = 0;
				GCC_PREPROCESSOR_DEFINITIONS = (
					"DEBUG=1",
					"$(inherited)",
				);
				GCC_WARN_64_TO_32_BIT_CONVERSION = YES;
				GCC_WARN_ABOUT_RETURN_TYPE = YES_ERROR;
				GCC_WARN_UNDECLARED_SELECTOR = YES;
				GCC_WARN_UNINITIALIZED_AUTOS = YES_AGGRESSIVE;
				GCC_WARN_UNUSED_FUNCTION = YES;
				GCC_WARN_UNUSED_VARIABLE = YES;
				IPHONEOS_DEPLOYMENT_TARGET = 11.4;
				MTL_ENABLE_DEBUG_INFO = YES;
				ONLY_ACTIVE_ARCH = YES;
				SDKROOT = iphoneos;
				SWIFT_ACTIVE_COMPILATION_CONDITIONS = DEBUG;
				SWIFT_OPTIMIZATION_LEVEL = "-Onone";
			};
			name = Debug;
		};
		32523B5E2154E27D00FD8D06 /* Release */ = {
			isa = XCBuildConfiguration;
			buildSettings = {
				ALWAYS_SEARCH_USER_PATHS = NO;
				CLANG_ANALYZER_NONNULL = YES;
				CLANG_ANALYZER_NUMBER_OBJECT_CONVERSION = YES_AGGRESSIVE;
				CLANG_CXX_LANGUAGE_STANDARD = "gnu++14";
				CLANG_CXX_LIBRARY = "libc++";
				CLANG_ENABLE_MODULES = YES;
				CLANG_ENABLE_OBJC_ARC = YES;
				CLANG_ENABLE_OBJC_WEAK = YES;
				CLANG_WARN_BLOCK_CAPTURE_AUTORELEASING = YES;
				CLANG_WARN_BOOL_CONVERSION = YES;
				CLANG_WARN_COMMA = YES;
				CLANG_WARN_CONSTANT_CONVERSION = YES;
				CLANG_WARN_DEPRECATED_OBJC_IMPLEMENTATIONS = YES;
				CLANG_WARN_DIRECT_OBJC_ISA_USAGE = YES_ERROR;
				CLANG_WARN_DOCUMENTATION_COMMENTS = YES;
				CLANG_WARN_EMPTY_BODY = YES;
				CLANG_WARN_ENUM_CONVERSION = YES;
				CLANG_WARN_INFINITE_RECURSION = YES;
				CLANG_WARN_INT_CONVERSION = YES;
				CLANG_WARN_NON_LITERAL_NULL_CONVERSION = YES;
				CLANG_WARN_OBJC_IMPLICIT_RETAIN_SELF = YES;
				CLANG_WARN_OBJC_LITERAL_CONVERSION = YES;
				CLANG_WARN_OBJC_ROOT_CLASS = YES_ERROR;
				CLANG_WARN_RANGE_LOOP_ANALYSIS = YES;
				CLANG_WARN_STRICT_PROTOTYPES = YES;
				CLANG_WARN_SUSPICIOUS_MOVE = YES;
				CLANG_WARN_UNGUARDED_AVAILABILITY = YES_AGGRESSIVE;
				CLANG_WARN_UNREACHABLE_CODE = YES;
				CLANG_WARN__DUPLICATE_METHOD_MATCH = YES;
				CODE_SIGN_IDENTITY = "iPhone Developer";
				COPY_PHASE_STRIP = NO;
				DEBUG_INFORMATION_FORMAT = "dwarf-with-dsym";
				ENABLE_NS_ASSERTIONS = NO;
				ENABLE_STRICT_OBJC_MSGSEND = YES;
				GCC_C_LANGUAGE_STANDARD = gnu11;
				GCC_NO_COMMON_BLOCKS = YES;
				GCC_WARN_64_TO_32_BIT_CONVERSION = YES;
				GCC_WARN_ABOUT_RETURN_TYPE = YES_ERROR;
				GCC_WARN_UNDECLARED_SELECTOR = YES;
				GCC_WARN_UNINITIALIZED_AUTOS = YES_AGGRESSIVE;
				GCC_WARN_UNUSED_FUNCTION = YES;
				GCC_WARN_UNUSED_VARIABLE = YES;
				IPHONEOS_DEPLOYMENT_TARGET = 11.4;
				MTL_ENABLE_DEBUG_INFO = NO;
				SDKROOT = iphoneos;
				SWIFT_COMPILATION_MODE = wholemodule;
				SWIFT_OPTIMIZATION_LEVEL = "-O";
				VALIDATE_PRODUCT = YES;
			};
			name = Release;
		};
		32523B602154E27D00FD8D06 /* Debug */ = {
			isa = XCBuildConfiguration;
			buildSettings = {
				ASSETCATALOG_COMPILER_APPICON_NAME = AppIcon;
				CODE_SIGN_STYLE = Automatic;
				INFOPLIST_FILE = iosApp/Info.plist;
				LD_RUNPATH_SEARCH_PATHS = (
					"$(inherited)",
					"@executable_path/Frameworks",
				);
				PRODUCT_BUNDLE_IDENTIFIER = com.event.iosApp;
				PRODUCT_NAME = "$(TARGET_NAME)";
				SWIFT_VERSION = 4.0;
				TARGETED_DEVICE_FAMILY = "1,2";
			};
			name = Debug;
		};
		32523B612154E27D00FD8D06 /* Release */ = {
			isa = XCBuildConfiguration;
			buildSettings = {
				ASSETCATALOG_COMPILER_APPICON_NAME = AppIcon;
				CODE_SIGN_STYLE = Automatic;
				INFOPLIST_FILE = iosApp/Info.plist;
				LD_RUNPATH_SEARCH_PATHS = (
					"$(inherited)",
					"@executable_path/Frameworks",
				);
				PRODUCT_BUNDLE_IDENTIFIER = com.event.iosApp;
				PRODUCT_NAME = "$(TARGET_NAME)";
				SWIFT_VERSION = 4.0;
				TARGETED_DEVICE_FAMILY = "1,2";
			};
			name = Release;
		};
		32523B632154E27D00FD8D06 /* Debug */ = {
			isa = XCBuildConfiguration;
			buildSettings = {
				ALWAYS_EMBED_SWIFT_STANDARD_LIBRARIES = YES;
				BUNDLE_LOADER = "$(TEST_HOST)";
				CODE_SIGN_STYLE = Automatic;
				INFOPLIST_FILE = iosAppTests/Info.plist;
				LD_RUNPATH_SEARCH_PATHS = (
					"$(inherited)",
					"@executable_path/Frameworks",
					"@loader_path/Frameworks",
				);
				PRODUCT_BUNDLE_IDENTIFIER = com.event.iosAppTests;
				PRODUCT_NAME = "$(TARGET_NAME)";
				SWIFT_VERSION = 4.0;
				TARGETED_DEVICE_FAMILY = "1,2";
				TEST_HOST = "$(BUILT_PRODUCTS_DIR)/iosApp.app/iosApp";
			};
			name = Debug;
		};
		32523B642154E27D00FD8D06 /* Release */ = {
			isa = XCBuildConfiguration;
			buildSettings = {
				ALWAYS_EMBED_SWIFT_STANDARD_LIBRARIES = YES;
				BUNDLE_LOADER = "$(TEST_HOST)";
				CODE_SIGN_STYLE = Automatic;
				INFOPLIST_FILE = iosAppTests/Info.plist;
				LD_RUNPATH_SEARCH_PATHS = (
					"$(inherited)",
					"@executable_path/Frameworks",
					"@loader_path/Frameworks",
				);
				PRODUCT_BUNDLE_IDENTIFIER = com.event.iosAppTests;
				PRODUCT_NAME = "$(TARGET_NAME)";
				SWIFT_VERSION = 4.0;
				TARGETED_DEVICE_FAMILY = "1,2";
				TEST_HOST = "$(BUILT_PRODUCTS_DIR)/iosApp.app/iosApp";
			};
			name = Release;
		};
		32523B662154E27D00FD8D06 /* Debug */ = {
			isa = XCBuildConfiguration;
			buildSettings = {
				ALWAYS_EMBED_SWIFT_STANDARD_LIBRARIES = YES;
				CODE_SIGN_STYLE = Automatic;
				INFOPLIST_FILE = iosAppUITests/Info.plist;
				LD_RUNPATH_SEARCH_PATHS = (
					"$(inherited)",
					"@executable_path/Frameworks",
					"@loader_path/Frameworks",
				);
				PRODUCT_BUNDLE_IDENTIFIER = com.event.iosAppUITests;
				PRODUCT_NAME = "$(TARGET_NAME)";
				SWIFT_VERSION = 4.0;
				TARGETED_DEVICE_FAMILY = "1,2";
				TEST_TARGET_NAME = iosApp;
			};
			name = Debug;
		};
		32523B672154E27D00FD8D06 /* Release */ = {
			isa = XCBuildConfiguration;
			buildSettings = {
				ALWAYS_EMBED_SWIFT_STANDARD_LIBRARIES = YES;
				CODE_SIGN_STYLE = Automatic;
				INFOPLIST_FILE = iosAppUITests/Info.plist;
				LD_RUNPATH_SEARCH_PATHS = (
					"$(inherited)",
					"@executable_path/Frameworks",
					"@loader_path/Frameworks",
				);
				PRODUCT_BUNDLE_IDENTIFIER = com.event.iosAppUITests;
				PRODUCT_NAME = "$(TARGET_NAME)";
				SWIFT_VERSION = 4.0;
				TARGETED_DEVICE_FAMILY = "1,2";
				TEST_TARGET_NAME = iosApp;
			};
			name = Release;
		};
/* End XCBuildConfiguration section */

/* Begin XCConfigurationList section */
		32523B322154E27A00FD8D06 /* Build configuration list for PBXProject "iosApp" */ = {
			isa = XCConfigurationList;
			buildConfigurations = (
				32523B5D2154E27D00FD8D06 /* Debug */,
				32523B5E2154E27D00FD8D06 /* Release */,
			);
			defaultConfigurationIsVisible = 0;
			defaultConfigurationName = Release;
		};
		32523B5F2154E27D00FD8D06 /* Build configuration list for PBXNativeTarget "iosApp" */ = {
			isa = XCConfigurationList;
			buildConfigurations = (
				32523B602154E27D00FD8D06 /* Debug */,
				32523B612154E27D00FD8D06 /* Release */,
			);
			defaultConfigurationIsVisible = 0;
			defaultConfigurationName = Release;
		};
		32523B622154E27D00FD8D06 /* Build configuration list for PBXNativeTarget "iosAppTests" */ = {
			isa = XCConfigurationList;
			buildConfigurations = (
				32523B632154E27D00FD8D06 /* Debug */,
				32523B642154E27D00FD8D06 /* Release */,
			);
			defaultConfigurationIsVisible = 0;
			defaultConfigurationName = Release;
		};
		32523B652154E27D00FD8D06 /* Build configuration list for PBXNativeTarget "iosAppUITests" */ = {
			isa = XCConfigurationList;
			buildConfigurations = (
				32523B662154E27D00FD8D06 /* Debug */,
				32523B672154E27D00FD8D06 /* Release */,
			);
			defaultConfigurationIsVisible = 0;
			defaultConfigurationName = Release;
		};
/* End XCConfigurationList section */
	};
	rootObject = 32523B2F2154E27A00FD8D06 /* Project object */;
}
